// !$*UTF8*$!
{
	archiveVersion = 1;
	classes = {
	};
	objectVersion = 50;
	objects = {

/* Begin PBXBuildFile section */
		DB0B922524BDFEFF00CB2D25 /* AppDelegate.swift in Sources */ = {isa = PBXBuildFile; fileRef = DB0B922424BDFEFF00CB2D25 /* AppDelegate.swift */; };
		DB0B922724BDFEFF00CB2D25 /* SceneDelegate.swift in Sources */ = {isa = PBXBuildFile; fileRef = DB0B922624BDFEFF00CB2D25 /* SceneDelegate.swift */; };
		DB0B922E24BDFF0B00CB2D25 /* Assets.xcassets in Resources */ = {isa = PBXBuildFile; fileRef = DB0B922D24BDFF0B00CB2D25 /* Assets.xcassets */; };
		DB0B923124BDFF0B00CB2D25 /* LaunchScreen.storyboard in Resources */ = {isa = PBXBuildFile; fileRef = DB0B922F24BDFF0B00CB2D25 /* LaunchScreen.storyboard */; };
		DB0B923C24BDFF0B00CB2D25 /* ArticlesTests.swift in Sources */ = {isa = PBXBuildFile; fileRef = DB0B923B24BDFF0B00CB2D25 /* ArticlesTests.swift */; };
		DB0B924724BDFF7000CB2D25 /* Main.storyboard in Resources */ = {isa = PBXBuildFile; fileRef = DB0B924624BDFF7000CB2D25 /* Main.storyboard */; };
		DB0B924E24BDFF9600CB2D25 /* ArticleTableViewCell.swift in Sources */ = {isa = PBXBuildFile; fileRef = DB0B924B24BDFF9600CB2D25 /* ArticleTableViewCell.swift */; };
		DB0B925124BE004200CB2D25 /* ArticleListViewController.swift in Sources */ = {isa = PBXBuildFile; fileRef = DB0B925024BE004200CB2D25 /* ArticleListViewController.swift */; };
/* End PBXBuildFile section */

/* Begin PBXContainerItemProxy section */
		DB0B923824BDFF0B00CB2D25 /* PBXContainerItemProxy */ = {
			isa = PBXContainerItemProxy;
			containerPortal = DB0B921924BDFEFF00CB2D25 /* Project object */;
			proxyType = 1;
			remoteGlobalIDString = DB0B922024BDFEFF00CB2D25;
			remoteInfo = Articles;
		};
/* End PBXContainerItemProxy section */

/* Begin PBXFileReference section */
		DB0B922124BDFEFF00CB2D25 /* Articles.app */ = {isa = PBXFileReference; explicitFileType = wrapper.application; includeInIndex = 0; path = Articles.app; sourceTree = BUILT_PRODUCTS_DIR; };
		DB0B922424BDFEFF00CB2D25 /* AppDelegate.swift */ = {isa = PBXFileReference; lastKnownFileType = sourcecode.swift; path = AppDelegate.swift; sourceTree = "<group>"; };
		DB0B922624BDFEFF00CB2D25 /* SceneDelegate.swift */ = {isa = PBXFileReference; lastKnownFileType = sourcecode.swift; path = SceneDelegate.swift; sourceTree = "<group>"; };
		DB0B922D24BDFF0B00CB2D25 /* Assets.xcassets */ = {isa = PBXFileReference; lastKnownFileType = folder.assetcatalog; path = Assets.xcassets; sourceTree = "<group>"; };
		DB0B923024BDFF0B00CB2D25 /* Base */ = {isa = PBXFileReference; lastKnownFileType = file.storyboard; name = Base; path = Base.lproj/LaunchScreen.storyboard; sourceTree = "<group>"; };
		DB0B923224BDFF0B00CB2D25 /* Info.plist */ = {isa = PBXFileReference; lastKnownFileType = text.plist.xml; path = Info.plist; sourceTree = "<group>"; };
		DB0B923724BDFF0B00CB2D25 /* ArticlesTests.xctest */ = {isa = PBXFileReference; explicitFileType = wrapper.cfbundle; includeInIndex = 0; path = ArticlesTests.xctest; sourceTree = BUILT_PRODUCTS_DIR; };
		DB0B923B24BDFF0B00CB2D25 /* ArticlesTests.swift */ = {isa = PBXFileReference; lastKnownFileType = sourcecode.swift; path = ArticlesTests.swift; sourceTree = "<group>"; };
		DB0B923D24BDFF0B00CB2D25 /* Info.plist */ = {isa = PBXFileReference; lastKnownFileType = text.plist.xml; path = Info.plist; sourceTree = "<group>"; };
		DB0B924624BDFF7000CB2D25 /* Main.storyboard */ = {isa = PBXFileReference; fileEncoding = 4; lastKnownFileType = file.storyboard; path = Main.storyboard; sourceTree = "<group>"; };
		DB0B924B24BDFF9600CB2D25 /* ArticleTableViewCell.swift */ = {isa = PBXFileReference; fileEncoding = 4; lastKnownFileType = sourcecode.swift; path = ArticleTableViewCell.swift; sourceTree = "<group>"; };
		DB0B925024BE004200CB2D25 /* ArticleListViewController.swift */ = {isa = PBXFileReference; fileEncoding = 4; lastKnownFileType = sourcecode.swift; path = ArticleListViewController.swift; sourceTree = "<group>"; };
/* End PBXFileReference section */

/* Begin PBXFrameworksBuildPhase section */
		DB0B921E24BDFEFF00CB2D25 /* Frameworks */ = {
			isa = PBXFrameworksBuildPhase;
			buildActionMask = 2147483647;
			files = (
			);
			runOnlyForDeploymentPostprocessing = 0;
		};
		DB0B923424BDFF0B00CB2D25 /* Frameworks */ = {
			isa = PBXFrameworksBuildPhase;
			buildActionMask = 2147483647;
			files = (
			);
			runOnlyForDeploymentPostprocessing = 0;
		};
/* End PBXFrameworksBuildPhase section */

/* Begin PBXGroup section */
		DB0B921824BDFEFF00CB2D25 = {
			isa = PBXGroup;
			children = (
				DB0B922324BDFEFF00CB2D25 /* Articles */,
				DB0B923A24BDFF0B00CB2D25 /* ArticlesTests */,
				DB0B922224BDFEFF00CB2D25 /* Products */,
			);
			sourceTree = "<group>";
		};
		DB0B922224BDFEFF00CB2D25 /* Products */ = {
			isa = PBXGroup;
			children = (
				DB0B922124BDFEFF00CB2D25 /* Articles.app */,
				DB0B923724BDFF0B00CB2D25 /* ArticlesTests.xctest */,
			);
			name = Products;
			sourceTree = "<group>";
		};
		DB0B922324BDFEFF00CB2D25 /* Articles */ = {
			isa = PBXGroup;
			children = (
				DB0B924D24BDFF9600CB2D25 /* Model */,
				DB0B924924BDFF9500CB2D25 /* Service */,
				DB0B924A24BDFF9600CB2D25 /* View */,
				DB0B924824BDFF9500CB2D25 /* ViewModel */,
				DB0B922424BDFEFF00CB2D25 /* AppDelegate.swift */,
				DB0B922624BDFEFF00CB2D25 /* SceneDelegate.swift */,
				DB0B922D24BDFF0B00CB2D25 /* Assets.xcassets */,
				DB0B924624BDFF7000CB2D25 /* Main.storyboard */,
				DB0B922F24BDFF0B00CB2D25 /* LaunchScreen.storyboard */,
				DB0B923224BDFF0B00CB2D25 /* Info.plist */,
			);
			path = Articles;
			sourceTree = "<group>";
		};
		DB0B923A24BDFF0B00CB2D25 /* ArticlesTests */ = {
			isa = PBXGroup;
			children = (
				DB0B923B24BDFF0B00CB2D25 /* ArticlesTests.swift */,
				DB0B923D24BDFF0B00CB2D25 /* Info.plist */,
			);
			path = ArticlesTests;
			sourceTree = "<group>";
		};
		DB0B924824BDFF9500CB2D25 /* ViewModel */ = {
			isa = PBXGroup;
			children = (
			);
			path = ViewModel;
			sourceTree = "<group>";
		};
		DB0B924924BDFF9500CB2D25 /* Service */ = {
			isa = PBXGroup;
			children = (
			);
			path = Service;
			sourceTree = "<group>";
		};
		DB0B924A24BDFF9600CB2D25 /* View */ = {
			isa = PBXGroup;
			children = (
				DB0B925024BE004200CB2D25 /* ArticleListViewController.swift */,
				DB0B924B24BDFF9600CB2D25 /* ArticleTableViewCell.swift */,
			);
			path = View;
			sourceTree = "<group>";
		};
		DB0B924D24BDFF9600CB2D25 /* Model */ = {
			isa = PBXGroup;
			children = (
			);
			path = Model;
			sourceTree = "<group>";
		};
/* End PBXGroup section */

/* Begin PBXNativeTarget section */
		DB0B922024BDFEFF00CB2D25 /* Articles */ = {
			isa = PBXNativeTarget;
			buildConfigurationList = DB0B924024BDFF0B00CB2D25 /* Build configuration list for PBXNativeTarget "Articles" */;
			buildPhases = (
				DB0B921D24BDFEFF00CB2D25 /* Sources */,
				DB0B921E24BDFEFF00CB2D25 /* Frameworks */,
				DB0B921F24BDFEFF00CB2D25 /* Resources */,
			);
			buildRules = (
			);
			dependencies = (
			);
			name = Articles;
			productName = Articles;
			productReference = DB0B922124BDFEFF00CB2D25 /* Articles.app */;
			productType = "com.apple.product-type.application";
		};
		DB0B923624BDFF0B00CB2D25 /* ArticlesTests */ = {
			isa = PBXNativeTarget;
			buildConfigurationList = DB0B924324BDFF0B00CB2D25 /* Build configuration list for PBXNativeTarget "ArticlesTests" */;
			buildPhases = (
				DB0B923324BDFF0B00CB2D25 /* Sources */,
				DB0B923424BDFF0B00CB2D25 /* Frameworks */,
				DB0B923524BDFF0B00CB2D25 /* Resources */,
			);
			buildRules = (
			);
			dependencies = (
				DB0B923924BDFF0B00CB2D25 /* PBXTargetDependency */,
			);
			name = ArticlesTests;
			productName = ArticlesTests;
			productReference = DB0B923724BDFF0B00CB2D25 /* ArticlesTests.xctest */;
			productType = "com.apple.product-type.bundle.unit-test";
		};
/* End PBXNativeTarget section */

/* Begin PBXProject section */
		DB0B921924BDFEFF00CB2D25 /* Project object */ = {
			isa = PBXProject;
			attributes = {
				LastSwiftUpdateCheck = 1110;
				LastUpgradeCheck = 1110;
				ORGANIZATIONNAME = "Ravi kumar";
				TargetAttributes = {
					DB0B922024BDFEFF00CB2D25 = {
						CreatedOnToolsVersion = 11.1;
					};
					DB0B923624BDFF0B00CB2D25 = {
						CreatedOnToolsVersion = 11.1;
						TestTargetID = DB0B922024BDFEFF00CB2D25;
					};
				};
			};
			buildConfigurationList = DB0B921C24BDFEFF00CB2D25 /* Build configuration list for PBXProject "Articles" */;
			compatibilityVersion = "Xcode 9.3";
			developmentRegion = en;
			hasScannedForEncodings = 0;
			knownRegions = (
				en,
				Base,
			);
			mainGroup = DB0B921824BDFEFF00CB2D25;
			productRefGroup = DB0B922224BDFEFF00CB2D25 /* Products */;
			projectDirPath = "";
			projectRoot = "";
			targets = (
				DB0B922024BDFEFF00CB2D25 /* Articles */,
				DB0B923624BDFF0B00CB2D25 /* ArticlesTests */,
			);
		};
/* End PBXProject section */

/* Begin PBXResourcesBuildPhase section */
		DB0B921F24BDFEFF00CB2D25 /* Resources */ = {
			isa = PBXResourcesBuildPhase;
			buildActionMask = 2147483647;
			files = (
				DB0B924724BDFF7000CB2D25 /* Main.storyboard in Resources */,
				DB0B923124BDFF0B00CB2D25 /* LaunchScreen.storyboard in Resources */,
				DB0B922E24BDFF0B00CB2D25 /* Assets.xcassets in Resources */,
			);
			runOnlyForDeploymentPostprocessing = 0;
		};
		DB0B923524BDFF0B00CB2D25 /* Resources */ = {
			isa = PBXResourcesBuildPhase;
			buildActionMask = 2147483647;
			files = (
			);
			runOnlyForDeploymentPostprocessing = 0;
		};
/* End PBXResourcesBuildPhase section */

/* Begin PBXSourcesBuildPhase section */
		DB0B921D24BDFEFF00CB2D25 /* Sources */ = {
			isa = PBXSourcesBuildPhase;
			buildActionMask = 2147483647;
			files = (
				DB0B922524BDFEFF00CB2D25 /* AppDelegate.swift in Sources */,
				DB0B925124BE004200CB2D25 /* ArticleListViewController.swift in Sources */,
				DB0B924E24BDFF9600CB2D25 /* ArticleTableViewCell.swift in Sources */,
				DB0B922724BDFEFF00CB2D25 /* SceneDelegate.swift in Sources */,
			);
			runOnlyForDeploymentPostprocessing = 0;
		};
		DB0B923324BDFF0B00CB2D25 /* Sources */ = {
			isa = PBXSourcesBuildPhase;
			buildActionMask = 2147483647;
			files = (
				DB0B923C24BDFF0B00CB2D25 /* ArticlesTests.swift in Sources */,
			);
			runOnlyForDeploymentPostprocessing = 0;
		};
/* End PBXSourcesBuildPhase section */

/* Begin PBXTargetDependency section */
		DB0B923924BDFF0B00CB2D25 /* PBXTargetDependency */ = {
			isa = PBXTargetDependency;
			target = DB0B922024BDFEFF00CB2D25 /* Articles */;
			targetProxy = DB0B923824BDFF0B00CB2D25 /* PBXContainerItemProxy */;
		};
/* End PBXTargetDependency section */

/* Begin PBXVariantGroup section */
		DB0B922F24BDFF0B00CB2D25 /* LaunchScreen.storyboard */ = {
			isa = PBXVariantGroup;
			children = (
				DB0B923024BDFF0B00CB2D25 /* Base */,
			);
			name = LaunchScreen.storyboard;
			sourceTree = "<group>";
		};
/* End PBXVariantGroup section */

/* Begin XCBuildConfiguration section */
		DB0B923E24BDFF0B00CB2D25 /* Debug */ = {
			isa = XCBuildConfiguration;
			buildSettings = {
				ALWAYS_SEARCH_USER_PATHS = NO;
				CLANG_ANALYZER_NONNULL = YES;
				CLANG_ANALYZER_NUMBER_OBJECT_CONVERSION = YES_AGGRESSIVE;
				CLANG_CXX_LANGUAGE_STANDARD = "gnu++14";
				CLANG_CXX_LIBRARY = "libc++";
				CLANG_ENABLE_MODULES = YES;
				CLANG_ENABLE_OBJC_ARC = YES;
				CLANG_ENABLE_OBJC_WEAK = YES;
				CLANG_WARN_BLOCK_CAPTURE_AUTORELEASING = YES;
				CLANG_WARN_BOOL_CONVERSION = YES;
				CLANG_WARN_COMMA = YES;
				CLANG_WARN_CONSTANT_CONVERSION = YES;
				CLANG_WARN_DEPRECATED_OBJC_IMPLEMENTATIONS = YES;
				CLANG_WARN_DIRECT_OBJC_ISA_USAGE = YES_ERROR;
				CLANG_WARN_DOCUMENTATION_COMMENTS = YES;
				CLANG_WARN_EMPTY_BODY = YES;
				CLANG_WARN_ENUM_CONVERSION = YES;
				CLANG_WARN_INFINITE_RECURSION = YES;
				CLANG_WARN_INT_CONVERSION = YES;
				CLANG_WARN_NON_LITERAL_NULL_CONVERSION = YES;
				CLANG_WARN_OBJC_IMPLICIT_RETAIN_SELF = YES;
				CLANG_WARN_OBJC_LITERAL_CONVERSION = YES;
				CLANG_WARN_OBJC_ROOT_CLASS = YES_ERROR;
				CLANG_WARN_RANGE_LOOP_ANALYSIS = YES;
				CLANG_WARN_STRICT_PROTOTYPES = YES;
				CLANG_WARN_SUSPICIOUS_MOVE = YES;
				CLANG_WARN_UNGUARDED_AVAILABILITY = YES_AGGRESSIVE;
				CLANG_WARN_UNREACHABLE_CODE = YES;
				CLANG_WARN__DUPLICATE_METHOD_MATCH = YES;
				COPY_PHASE_STRIP = NO;
				DEBUG_INFORMATION_FORMAT = dwarf;
				ENABLE_STRICT_OBJC_MSGSEND = YES;
				ENABLE_TESTABILITY = YES;
				GCC_C_LANGUAGE_STANDARD = gnu11;
				GCC_DYNAMIC_NO_PIC = NO;
				GCC_NO_COMMON_BLOCKS = YES;
				GCC_OPTIMIZATION_LEVEL = 0;
				GCC_PREPROCESSOR_DEFINITIONS = (
					"DEBUG=1",
					"$(inherited)",
				);
				GCC_WARN_64_TO_32_BIT_CONVERSION = YES;
				GCC_WARN_ABOUT_RETURN_TYPE = YES_ERROR;
				GCC_WARN_UNDECLARED_SELECTOR = YES;
				GCC_WARN_UNINITIALIZED_AUTOS = YES_AGGRESSIVE;
				GCC_WARN_UNUSED_FUNCTION = YES;
				GCC_WARN_UNUSED_VARIABLE = YES;
				IPHONEOS_DEPLOYMENT_TARGET = 13.1;
				MTL_ENABLE_DEBUG_INFO = INCLUDE_SOURCE;
				MTL_FAST_MATH = YES;
				ONLY_ACTIVE_ARCH = YES;
				SDKROOT = iphoneos;
				SWIFT_ACTIVE_COMPILATION_CONDITIONS = DEBUG;
				SWIFT_OPTIMIZATION_LEVEL = "-Onone";
			};
			name = Debug;
		};
		DB0B923F24BDFF0B00CB2D25 /* Release */ = {
			isa = XCBuildConfiguration;
			buildSettings = {
				ALWAYS_SEARCH_USER_PATHS = NO;
				CLANG_ANALYZER_NONNULL = YES;
				CLANG_ANALYZER_NUMBER_OBJECT_CONVERSION = YES_AGGRESSIVE;
				CLANG_CXX_LANGUAGE_STANDARD = "gnu++14";
				CLANG_CXX_LIBRARY = "libc++";
				CLANG_ENABLE_MODULES = YES;
				CLANG_ENABLE_OBJC_ARC = YES;
				CLANG_ENABLE_OBJC_WEAK = YES;
				CLANG_WARN_BLOCK_CAPTURE_AUTORELEASING = YES;
				CLANG_WARN_BOOL_CONVERSION = YES;
				CLANG_WARN_COMMA = YES;
				CLANG_WARN_CONSTANT_CONVERSION = YES;
				CLANG_WARN_DEPRECATED_OBJC_IMPLEMENTATIONS = YES;
				CLANG_WARN_DIRECT_OBJC_ISA_USAGE = YES_ERROR;
				CLANG_WARN_DOCUMENTATION_COMMENTS = YES;
				CLANG_WARN_EMPTY_BODY = YES;
				CLANG_WARN_ENUM_CONVERSION = YES;
				CLANG_WARN_INFINITE_RECURSION = YES;
				CLANG_WARN_INT_CONVERSION = YES;
				CLANG_WARN_NON_LITERAL_NULL_CONVERSION = YES;
				CLANG_WARN_OBJC_IMPLICIT_RETAIN_SELF = YES;
				CLANG_WARN_OBJC_LITERAL_CONVERSION = YES;
				CLANG_WARN_OBJC_ROOT_CLASS = YES_ERROR;
				CLANG_WARN_RANGE_LOOP_ANALYSIS = YES;
				CLANG_WARN_STRICT_PROTOTYPES = YES;
				CLANG_WARN_SUSPICIOUS_MOVE = YES;
				CLANG_WARN_UNGUARDED_AVAILABILITY = YES_AGGRESSIVE;
				CLANG_WARN_UNREACHABLE_CODE = YES;
				CLANG_WARN__DUPLICATE_METHOD_MATCH = YES;
				COPY_PHASE_STRIP = NO;
				DEBUG_INFORMATION_FORMAT = "dwarf-with-dsym";
				ENABLE_NS_ASSERTIONS = NO;
				ENABLE_STRICT_OBJC_MSGSEND = YES;
				GCC_C_LANGUAGE_STANDARD = gnu11;
				GCC_NO_COMMON_BLOCKS = YES;
				GCC_WARN_64_TO_32_BIT_CONVERSION = YES;
				GCC_WARN_ABOUT_RETURN_TYPE = YES_ERROR;
				GCC_WARN_UNDECLARED_SELECTOR = YES;
				GCC_WARN_UNINITIALIZED_AUTOS = YES_AGGRESSIVE;
				GCC_WARN_UNUSED_FUNCTION = YES;
				GCC_WARN_UNUSED_VARIABLE = YES;
				IPHONEOS_DEPLOYMENT_TARGET = 13.1;
				MTL_ENABLE_DEBUG_INFO = NO;
				MTL_FAST_MATH = YES;
				SDKROOT = iphoneos;
				SWIFT_COMPILATION_MODE = wholemodule;
				SWIFT_OPTIMIZATION_LEVEL = "-O";
				VALIDATE_PRODUCT = YES;
			};
			name = Release;
		};
		DB0B924124BDFF0B00CB2D25 /* Debug */ = {
			isa = XCBuildConfiguration;
			buildSettings = {
				ASSETCATALOG_COMPILER_APPICON_NAME = AppIcon;
				CODE_SIGN_STYLE = Automatic;
				DEVELOPMENT_TEAM = 4X7VV776Z7;
				INFOPLIST_FILE = Articles/Info.plist;
				LD_RUNPATH_SEARCH_PATHS = (
					"$(inherited)",
					"@executable_path/Frameworks",
				);
				PRODUCT_BUNDLE_IDENTIFIER = LMNTRIX.Articles;
				PRODUCT_NAME = "$(TARGET_NAME)";
				SWIFT_VERSION = 5.0;
				TARGETED_DEVICE_FAMILY = "1,2";
			};
			name = Debug;
		};
		DB0B924224BDFF0B00CB2D25 /* Release */ = {
			isa = XCBuildConfiguration;
			buildSettings = {
				ASSETCATALOG_COMPILER_APPICON_NAME = AppIcon;
				CODE_SIGN_STYLE = Automatic;
				DEVELOPMENT_TEAM = 4X7VV776Z7;
				INFOPLIST_FILE = Articles/Info.plist;
				LD_RUNPATH_SEARCH_PATHS = (
					"$(inherited)",
					"@executable_path/Frameworks",
				);
				PRODUCT_BUNDLE_IDENTIFIER = LMNTRIX.Articles;
				PRODUCT_NAME = "$(TARGET_NAME)";
				SWIFT_VERSION = 5.0;
				TARGETED_DEVICE_FAMILY = "1,2";
			};
			name = Release;
		};
		DB0B924424BDFF0B00CB2D25 /* Debug */ = {
			isa = XCBuildConfiguration;
			buildSettings = {
				ALWAYS_EMBED_SWIFT_STANDARD_LIBRARIES = YES;
				BUNDLE_LOADER = "$(TEST_HOST)";
				CODE_SIGN_STYLE = Automatic;
				DEVELOPMENT_TEAM = 4X7VV776Z7;
				INFOPLIST_FILE = ArticlesTests/Info.plist;
				IPHONEOS_DEPLOYMENT_TARGET = 13.1;
				LD_RUNPATH_SEARCH_PATHS = (
					"$(inherited)",
					"@executable_path/Frameworks",
					"@loader_path/Frameworks",
				);
				PRODUCT_BUNDLE_IDENTIFIER = LMNTRIX.ArticlesTests;
				PRODUCT_NAME = "$(TARGET_NAME)";
				SWIFT_VERSION = 5.0;
				TARGETED_DEVICE_FAMILY = "1,2";
				TEST_HOST = "$(BUILT_PRODUCTS_DIR)/Articles.app/Articles";
			};
			name = Debug;
		};
		DB0B924524BDFF0B00CB2D25 /* Release */ = {
			isa = XCBuildConfiguration;
			buildSettings = {
				ALWAYS_EMBED_SWIFT_STANDARD_LIBRARIES = YES;
				BUNDLE_LOADER = "$(TEST_HOST)";
				CODE_SIGN_STYLE = Automatic;
				DEVELOPMENT_TEAM = 4X7VV776Z7;
				INFOPLIST_FILE = ArticlesTests/Info.plist;
				IPHONEOS_DEPLOYMENT_TARGET = 13.1;
				LD_RUNPATH_SEARCH_PATHS = (
					"$(inherited)",
					"@executable_path/Frameworks",
					"@loader_path/Frameworks",
				);
				PRODUCT_BUNDLE_IDENTIFIER = LMNTRIX.ArticlesTests;
				PRODUCT_NAME = "$(TARGET_NAME)";
				SWIFT_VERSION = 5.0;
				TARGETED_DEVICE_FAMILY = "1,2";
				TEST_HOST = "$(BUILT_PRODUCTS_DIR)/Articles.app/Articles";
			};
			name = Release;
		};
/* End XCBuildConfiguration section */

/* Begin XCConfigurationList section */
		DB0B921C24BDFEFF00CB2D25 /* Build configuration list for PBXProject "Articles" */ = {
			isa = XCConfigurationList;
			buildConfigurations = (
				DB0B923E24BDFF0B00CB2D25 /* Debug */,
				DB0B923F24BDFF0B00CB2D25 /* Release */,
			);
			defaultConfigurationIsVisible = 0;
			defaultConfigurationName = Release;
		};
		DB0B924024BDFF0B00CB2D25 /* Build configuration list for PBXNativeTarget "Articles" */ = {
			isa = XCConfigurationList;
			buildConfigurations = (
				DB0B924124BDFF0B00CB2D25 /* Debug */,
				DB0B924224BDFF0B00CB2D25 /* Release */,
			);
			defaultConfigurationIsVisible = 0;
			defaultConfigurationName = Release;
		};
		DB0B924324BDFF0B00CB2D25 /* Build configuration list for PBXNativeTarget "ArticlesTests" */ = {
			isa = XCConfigurationList;
			buildConfigurations = (
				DB0B924424BDFF0B00CB2D25 /* Debug */,
				DB0B924524BDFF0B00CB2D25 /* Release */,
			);
			defaultConfigurationIsVisible = 0;
			defaultConfigurationName = Release;
		};
/* End XCConfigurationList section */
	};
	rootObject = DB0B921924BDFEFF00CB2D25 /* Project object */;
}
